
Microsoft Visual Studio Solution File, Format Version 12.00
# Visual Studio Version 17
VisualStudioVersion = 17.0.31903.59
MinimumVisualStudioVersion = 10.0.40219.1
Project("{9A19103F-16F7-4668-BE54-9A1E7A4F7556}") = "InCase.Infrastructure", "InCase.Infrastructure\InCase.Infrastructure.csproj", "{E3DC7AAB-0855-4BEC-9C25-69BE7E95DCD0}"
EndProject
Project("{9A19103F-16F7-4668-BE54-9A1E7A4F7556}") = "InCase.ApiGateway", "InCase.ApiGateway\InCase.ApiGateway.csproj", "{21D9224C-C44E-4FBE-801A-B22945A1A614}"
EndProject
Project("{9A19103F-16F7-4668-BE54-9A1E7A4F7556}") = "Authentication.API", "Services\Authentication\Authentication.API\Authentication.API.csproj", "{D57A0FF0-08A8-4C0E-848E-F17E7CE772B2}"
EndProject
Project("{2150E333-8FDC-42A3-9474-1A3956D46DE8}") = "Services", "Services", "{FCC198D3-4942-432D-A55F-75405EE941D4}"
EndProject
Project("{2150E333-8FDC-42A3-9474-1A3956D46DE8}") = "Authentication", "Authentication", "{50B0BC0C-A790-477B-811B-7C3C69CA6E65}"
EndProject
Project("{2150E333-8FDC-42A3-9474-1A3956D46DE8}") = "Resources", "Resources", "{FD1BC78E-3BB1-4F83-9B49-3211D2FBA6D2}"
EndProject
Project("{9A19103F-16F7-4668-BE54-9A1E7A4F7556}") = "Resources.API", "Services\Resources\Resources.API\Resources.API.csproj", "{98D88ECB-235E-4D6C-88B6-3AA693B2B8EE}"
	ProjectSection(ProjectDependencies) = postProject
		{E3DC7AAB-0855-4BEC-9C25-69BE7E95DCD0} = {E3DC7AAB-0855-4BEC-9C25-69BE7E95DCD0}
	EndProjectSection
EndProject
Project("{2150E333-8FDC-42A3-9474-1A3956D46DE8}") = "Payment", "Payment", "{238A932B-95E0-4E9C-A3CE-B3721948E79C}"
EndProject
Project("{9A19103F-16F7-4668-BE54-9A1E7A4F7556}") = "Payment.API", "Services\Payment\Payment.API\Payment.API.csproj", "{620FCC13-48A2-4914-A4DF-D939DFC9CB64}"
	ProjectSection(ProjectDependencies) = postProject
		{E3DC7AAB-0855-4BEC-9C25-69BE7E95DCD0} = {E3DC7AAB-0855-4BEC-9C25-69BE7E95DCD0}
	EndProjectSection
EndProject
Project("{9A19103F-16F7-4668-BE54-9A1E7A4F7556}") = "Resources.BLL", "Services\Resources\Resources.BLL\Resources.BLL.csproj", "{D0231DF6-E2FA-4E3B-964D-CC72CE04625A}"
EndProject
Project("{9A19103F-16F7-4668-BE54-9A1E7A4F7556}") = "Resources.DAL", "Services\Resources\InCase.DAL\Resources.DAL.csproj", "{71898294-FC07-4B1E-8AE7-6252AF3C7C8B}"
EndProject
Project("{9A19103F-16F7-4668-BE54-9A1E7A4F7556}") = "Authentication.BLL", "Services\Authentication\Authentication.BLL\Authentication.BLL.csproj", "{A5781DAD-AB30-4D9D-9D36-B686007ADD3E}"
EndProject
Project("{9A19103F-16F7-4668-BE54-9A1E7A4F7556}") = "Payment.DAL", "Services\Payment\Payment.DAL\Payment.DAL.csproj", "{6C896324-9580-4D26-BA79-99D748D6B34D}"
EndProject
Project("{9A19103F-16F7-4668-BE54-9A1E7A4F7556}") = "Payment.BLL", "Services\Payment\Payment.BLL\Payment.BLL.csproj", "{FAE6646F-5E0A-4619-96B7-546772975513}"
EndProject
Project("{2150E333-8FDC-42A3-9474-1A3956D46DE8}") = "Withdraw", "Withdraw", "{4FFEC519-BE48-4C00-9F04-6E5C45269FC5}"
EndProject
Project("{9A19103F-16F7-4668-BE54-9A1E7A4F7556}") = "Withdraw.API", "Services\Withdraw\Withdraw.API\Withdraw.API.csproj", "{A1AE02BD-DD0E-400E-AB84-386B9CEAD941}"
	ProjectSection(ProjectDependencies) = postProject
		{E3DC7AAB-0855-4BEC-9C25-69BE7E95DCD0} = {E3DC7AAB-0855-4BEC-9C25-69BE7E95DCD0}
	EndProjectSection
EndProject
Project("{2150E333-8FDC-42A3-9474-1A3956D46DE8}") = "Game", "Game", "{8F3A34D1-F72F-430D-84F6-A373762353A7}"
EndProject
Project("{9A19103F-16F7-4668-BE54-9A1E7A4F7556}") = "Game.API", "Services\Game\Game.API\Game.API.csproj", "{B20D1E95-41A9-4CF6-BC57-73D0E7015872}"
EndProject
Project("{9A19103F-16F7-4668-BE54-9A1E7A4F7556}") = "EmailSender", "Services\EmailSender\EmailSender.csproj", "{F1C0F832-56C9-42A1-939B-B43F418E23F2}"
EndProject
Project("{9A19103F-16F7-4668-BE54-9A1E7A4F7556}") = "Authentication.DAL", "Services\Authentication\Authentication.DAL\Authentication.DAL.csproj", "{E5DBF553-BF36-4E66-B772-CB28A88E8865}"
EndProject
Project("{9A19103F-16F7-4668-BE54-9A1E7A4F7556}") = "Withdraw.BLL", "Services\Withdraw\Withdraw.BLL\Withdraw.BLL.csproj", "{CE69347F-898F-4951-B150-B00A42F5630D}"
EndProject
Project("{9A19103F-16F7-4668-BE54-9A1E7A4F7556}") = "Withdraw.DAL", "Services\Withdraw\Withdraw.DAL\Withdraw.DAL.csproj", "{90187295-1515-45F7-A1BA-8A1675B6193F}"
EndProject
Global
	GlobalSection(SolutionConfigurationPlatforms) = preSolution
		Debug|Any CPU = Debug|Any CPU
		Release|Any CPU = Release|Any CPU
	EndGlobalSection
	GlobalSection(ProjectConfigurationPlatforms) = postSolution
		{E3DC7AAB-0855-4BEC-9C25-69BE7E95DCD0}.Debug|Any CPU.ActiveCfg = Debug|Any CPU
		{E3DC7AAB-0855-4BEC-9C25-69BE7E95DCD0}.Debug|Any CPU.Build.0 = Debug|Any CPU
		{E3DC7AAB-0855-4BEC-9C25-69BE7E95DCD0}.Release|Any CPU.ActiveCfg = Release|Any CPU
		{E3DC7AAB-0855-4BEC-9C25-69BE7E95DCD0}.Release|Any CPU.Build.0 = Release|Any CPU
		{21D9224C-C44E-4FBE-801A-B22945A1A614}.Debug|Any CPU.ActiveCfg = Debug|Any CPU
		{21D9224C-C44E-4FBE-801A-B22945A1A614}.Debug|Any CPU.Build.0 = Debug|Any CPU
		{21D9224C-C44E-4FBE-801A-B22945A1A614}.Release|Any CPU.ActiveCfg = Release|Any CPU
		{21D9224C-C44E-4FBE-801A-B22945A1A614}.Release|Any CPU.Build.0 = Release|Any CPU
		{D57A0FF0-08A8-4C0E-848E-F17E7CE772B2}.Debug|Any CPU.ActiveCfg = Debug|Any CPU
		{D57A0FF0-08A8-4C0E-848E-F17E7CE772B2}.Debug|Any CPU.Build.0 = Debug|Any CPU
		{D57A0FF0-08A8-4C0E-848E-F17E7CE772B2}.Release|Any CPU.ActiveCfg = Release|Any CPU
		{D57A0FF0-08A8-4C0E-848E-F17E7CE772B2}.Release|Any CPU.Build.0 = Release|Any CPU
		{98D88ECB-235E-4D6C-88B6-3AA693B2B8EE}.Debug|Any CPU.ActiveCfg = Debug|Any CPU
		{98D88ECB-235E-4D6C-88B6-3AA693B2B8EE}.Debug|Any CPU.Build.0 = Debug|Any CPU
		{98D88ECB-235E-4D6C-88B6-3AA693B2B8EE}.Release|Any CPU.ActiveCfg = Release|Any CPU
		{98D88ECB-235E-4D6C-88B6-3AA693B2B8EE}.Release|Any CPU.Build.0 = Release|Any CPU
		{620FCC13-48A2-4914-A4DF-D939DFC9CB64}.Debug|Any CPU.ActiveCfg = Debug|Any CPU
		{620FCC13-48A2-4914-A4DF-D939DFC9CB64}.Debug|Any CPU.Build.0 = Debug|Any CPU
		{620FCC13-48A2-4914-A4DF-D939DFC9CB64}.Release|Any CPU.ActiveCfg = Release|Any CPU
		{620FCC13-48A2-4914-A4DF-D939DFC9CB64}.Release|Any CPU.Build.0 = Release|Any CPU
		{D0231DF6-E2FA-4E3B-964D-CC72CE04625A}.Debug|Any CPU.ActiveCfg = Debug|Any CPU
		{D0231DF6-E2FA-4E3B-964D-CC72CE04625A}.Debug|Any CPU.Build.0 = Debug|Any CPU
		{D0231DF6-E2FA-4E3B-964D-CC72CE04625A}.Release|Any CPU.ActiveCfg = Release|Any CPU
		{D0231DF6-E2FA-4E3B-964D-CC72CE04625A}.Release|Any CPU.Build.0 = Release|Any CPU
		{71898294-FC07-4B1E-8AE7-6252AF3C7C8B}.Debug|Any CPU.ActiveCfg = Debug|Any CPU
		{71898294-FC07-4B1E-8AE7-6252AF3C7C8B}.Debug|Any CPU.Build.0 = Debug|Any CPU
		{71898294-FC07-4B1E-8AE7-6252AF3C7C8B}.Release|Any CPU.ActiveCfg = Release|Any CPU
		{71898294-FC07-4B1E-8AE7-6252AF3C7C8B}.Release|Any CPU.Build.0 = Release|Any CPU
		{A5781DAD-AB30-4D9D-9D36-B686007ADD3E}.Debug|Any CPU.ActiveCfg = Debug|Any CPU
		{A5781DAD-AB30-4D9D-9D36-B686007ADD3E}.Debug|Any CPU.Build.0 = Debug|Any CPU
		{A5781DAD-AB30-4D9D-9D36-B686007ADD3E}.Release|Any CPU.ActiveCfg = Release|Any CPU
		{A5781DAD-AB30-4D9D-9D36-B686007ADD3E}.Release|Any CPU.Build.0 = Release|Any CPU
		{6C896324-9580-4D26-BA79-99D748D6B34D}.Debug|Any CPU.ActiveCfg = Debug|Any CPU
		{6C896324-9580-4D26-BA79-99D748D6B34D}.Debug|Any CPU.Build.0 = Debug|Any CPU
		{6C896324-9580-4D26-BA79-99D748D6B34D}.Release|Any CPU.ActiveCfg = Release|Any CPU
		{6C896324-9580-4D26-BA79-99D748D6B34D}.Release|Any CPU.Build.0 = Release|Any CPU
		{FAE6646F-5E0A-4619-96B7-546772975513}.Debug|Any CPU.ActiveCfg = Debug|Any CPU
		{FAE6646F-5E0A-4619-96B7-546772975513}.Debug|Any CPU.Build.0 = Debug|Any CPU
		{FAE6646F-5E0A-4619-96B7-546772975513}.Release|Any CPU.ActiveCfg = Release|Any CPU
		{FAE6646F-5E0A-4619-96B7-546772975513}.Release|Any CPU.Build.0 = Release|Any CPU
		{A1AE02BD-DD0E-400E-AB84-386B9CEAD941}.Debug|Any CPU.ActiveCfg = Debug|Any CPU
		{A1AE02BD-DD0E-400E-AB84-386B9CEAD941}.Debug|Any CPU.Build.0 = Debug|Any CPU
		{A1AE02BD-DD0E-400E-AB84-386B9CEAD941}.Release|Any CPU.ActiveCfg = Release|Any CPU
		{A1AE02BD-DD0E-400E-AB84-386B9CEAD941}.Release|Any CPU.Build.0 = Release|Any CPU
		{B20D1E95-41A9-4CF6-BC57-73D0E7015872}.Debug|Any CPU.ActiveCfg = Debug|Any CPU
		{B20D1E95-41A9-4CF6-BC57-73D0E7015872}.Debug|Any CPU.Build.0 = Debug|Any CPU
		{B20D1E95-41A9-4CF6-BC57-73D0E7015872}.Release|Any CPU.ActiveCfg = Release|Any CPU
		{B20D1E95-41A9-4CF6-BC57-73D0E7015872}.Release|Any CPU.Build.0 = Release|Any CPU
		{F1C0F832-56C9-42A1-939B-B43F418E23F2}.Debug|Any CPU.ActiveCfg = Debug|Any CPU
		{F1C0F832-56C9-42A1-939B-B43F418E23F2}.Debug|Any CPU.Build.0 = Debug|Any CPU
		{F1C0F832-56C9-42A1-939B-B43F418E23F2}.Release|Any CPU.ActiveCfg = Release|Any CPU
		{F1C0F832-56C9-42A1-939B-B43F418E23F2}.Release|Any CPU.Build.0 = Release|Any CPU
		{E5DBF553-BF36-4E66-B772-CB28A88E8865}.Debug|Any CPU.ActiveCfg = Debug|Any CPU
		{E5DBF553-BF36-4E66-B772-CB28A88E8865}.Debug|Any CPU.Build.0 = Debug|Any CPU
		{E5DBF553-BF36-4E66-B772-CB28A88E8865}.Release|Any CPU.ActiveCfg = Release|Any CPU
		{E5DBF553-BF36-4E66-B772-CB28A88E8865}.Release|Any CPU.Build.0 = Release|Any CPU
		{CE69347F-898F-4951-B150-B00A42F5630D}.Debug|Any CPU.ActiveCfg = Debug|Any CPU
		{CE69347F-898F-4951-B150-B00A42F5630D}.Debug|Any CPU.Build.0 = Debug|Any CPU
		{CE69347F-898F-4951-B150-B00A42F5630D}.Release|Any CPU.ActiveCfg = Release|Any CPU
		{CE69347F-898F-4951-B150-B00A42F5630D}.Release|Any CPU.Build.0 = Release|Any CPU
		{90187295-1515-45F7-A1BA-8A1675B6193F}.Debug|Any CPU.ActiveCfg = Debug|Any CPU
		{90187295-1515-45F7-A1BA-8A1675B6193F}.Debug|Any CPU.Build.0 = Debug|Any CPU
		{90187295-1515-45F7-A1BA-8A1675B6193F}.Release|Any CPU.ActiveCfg = Release|Any CPU
		{90187295-1515-45F7-A1BA-8A1675B6193F}.Release|Any CPU.Build.0 = Release|Any CPU
	EndGlobalSection
	GlobalSection(SolutionProperties) = preSolution
		HideSolutionNode = FALSE
	EndGlobalSection
	GlobalSection(NestedProjects) = preSolution
		{D57A0FF0-08A8-4C0E-848E-F17E7CE772B2} = {50B0BC0C-A790-477B-811B-7C3C69CA6E65}
		{50B0BC0C-A790-477B-811B-7C3C69CA6E65} = {FCC198D3-4942-432D-A55F-75405EE941D4}
		{FD1BC78E-3BB1-4F83-9B49-3211D2FBA6D2} = {FCC198D3-4942-432D-A55F-75405EE941D4}
		{98D88ECB-235E-4D6C-88B6-3AA693B2B8EE} = {FD1BC78E-3BB1-4F83-9B49-3211D2FBA6D2}
		{238A932B-95E0-4E9C-A3CE-B3721948E79C} = {FCC198D3-4942-432D-A55F-75405EE941D4}
		{620FCC13-48A2-4914-A4DF-D939DFC9CB64} = {238A932B-95E0-4E9C-A3CE-B3721948E79C}
		{D0231DF6-E2FA-4E3B-964D-CC72CE04625A} = {FD1BC78E-3BB1-4F83-9B49-3211D2FBA6D2}
		{71898294-FC07-4B1E-8AE7-6252AF3C7C8B} = {FD1BC78E-3BB1-4F83-9B49-3211D2FBA6D2}
		{A5781DAD-AB30-4D9D-9D36-B686007ADD3E} = {50B0BC0C-A790-477B-811B-7C3C69CA6E65}
		{6C896324-9580-4D26-BA79-99D748D6B34D} = {238A932B-95E0-4E9C-A3CE-B3721948E79C}
		{FAE6646F-5E0A-4619-96B7-546772975513} = {238A932B-95E0-4E9C-A3CE-B3721948E79C}
		{4FFEC519-BE48-4C00-9F04-6E5C45269FC5} = {FCC198D3-4942-432D-A55F-75405EE941D4}
		{A1AE02BD-DD0E-400E-AB84-386B9CEAD941} = {4FFEC519-BE48-4C00-9F04-6E5C45269FC5}
		{8F3A34D1-F72F-430D-84F6-A373762353A7} = {FCC198D3-4942-432D-A55F-75405EE941D4}
		{B20D1E95-41A9-4CF6-BC57-73D0E7015872} = {8F3A34D1-F72F-430D-84F6-A373762353A7}
		{F1C0F832-56C9-42A1-939B-B43F418E23F2} = {FCC198D3-4942-432D-A55F-75405EE941D4}
		{E5DBF553-BF36-4E66-B772-CB28A88E8865} = {50B0BC0C-A790-477B-811B-7C3C69CA6E65}
		{CE69347F-898F-4951-B150-B00A42F5630D} = {4FFEC519-BE48-4C00-9F04-6E5C45269FC5}
		{90187295-1515-45F7-A1BA-8A1675B6193F} = {4FFEC519-BE48-4C00-9F04-6E5C45269FC5}
	EndGlobalSection
	GlobalSection(ExtensibilityGlobals) = postSolution
		SolutionGuid = {34DAD1C9-55D7-4B95-B997-115C8593125C}
	EndGlobalSection
EndGlobal
