
Microsoft Visual Studio Solution File, Format Version 12.00
# Visual Studio Version 17
VisualStudioVersion = 17.0.31903.59
MinimumVisualStudioVersion = 10.0.40219.1
Project("{9A19103F-16F7-4668-BE54-9A1E7A4F7556}") = "InCase.Infrastructure", "InCase.Infrastructure\InCase.Infrastructure.csproj", "{E3DC7AAB-0855-4BEC-9C25-69BE7E95DCD0}"
EndProject
Project("{9A19103F-16F7-4668-BE54-9A1E7A4F7556}") = "InCase.ApiGateway", "InCase.ApiGateway\InCase.ApiGateway.csproj", "{21D9224C-C44E-4FBE-801A-B22945A1A614}"
EndProject
Project("{9A19103F-16F7-4668-BE54-9A1E7A4F7556}") = "Authentication.API", "Services\Authentication\Authentication.API\Authentication.API.csproj", "{D57A0FF0-08A8-4C0E-848E-F17E7CE772B2}"
EndProject
Project("{2150E333-8FDC-42A3-9474-1A3956D46DE8}") = "Services", "Services", "{FCC198D3-4942-432D-A55F-75405EE941D4}"
EndProject
Project("{2150E333-8FDC-42A3-9474-1A3956D46DE8}") = "Authentication", "Authentication", "{50B0BC0C-A790-477B-811B-7C3C69CA6E65}"
EndProject
Project("{2150E333-8FDC-42A3-9474-1A3956D46DE8}") = "Email", "Email", "{9A138632-2A2F-4C15-BDA5-EEDE1B3AA198}"
EndProject
Project("{9A19103F-16F7-4668-BE54-9A1E7A4F7556}") = "Email.API", "Services\Email\Email.API\Email.API.csproj", "{34C87749-8F00-4629-AAC0-EA743CE47659}"
EndProject
Project("{2150E333-8FDC-42A3-9474-1A3956D46DE8}") = "Resources", "Resources", "{FD1BC78E-3BB1-4F83-9B49-3211D2FBA6D2}"
EndProject
Project("{9A19103F-16F7-4668-BE54-9A1E7A4F7556}") = "Resources.API", "Services\Resources\Resources.API\Resources.API.csproj", "{98D88ECB-235E-4D6C-88B6-3AA693B2B8EE}"
EndProject
Project("{2150E333-8FDC-42A3-9474-1A3956D46DE8}") = "Payment", "Payment", "{238A932B-95E0-4E9C-A3CE-B3721948E79C}"
EndProject
Project("{9A19103F-16F7-4668-BE54-9A1E7A4F7556}") = "Payment.API", "Services\Payment\Payment.API\Payment.API.csproj", "{620FCC13-48A2-4914-A4DF-D939DFC9CB64}"
EndProject
Project("{2150E333-8FDC-42A3-9474-1A3956D46DE8}") = "Game", "Game", "{8ADCEC8F-EFCC-4B4D-AE6F-6999B2AA2F98}"
EndProject
Project("{9A19103F-16F7-4668-BE54-9A1E7A4F7556}") = "Game.API", "Services\Game\Game.API\Game.API.csproj", "{3E024392-62A5-4811-8544-43945002ED87}"
EndProject
Project("{FAE04EC0-301F-11D3-BF4B-00C04F79EFBC}") = "Resources.DAL", "Services\Resources\Resources.DAL\Resources.DAL.csproj", "{3902CBD0-9CCE-4329-8A24-14890F96CA0D}"
EndProject
Project("{FAE04EC0-301F-11D3-BF4B-00C04F79EFBC}") = "Resources.BLL", "Services\Resources\Resources.BLL\Resources.BLL.csproj", "{D0231DF6-E2FA-4E3B-964D-CC72CE04625A}"
EndProject
Global
	GlobalSection(SolutionConfigurationPlatforms) = preSolution
		Debug|Any CPU = Debug|Any CPU
		Release|Any CPU = Release|Any CPU
	EndGlobalSection
	GlobalSection(ProjectConfigurationPlatforms) = postSolution
		{E3DC7AAB-0855-4BEC-9C25-69BE7E95DCD0}.Debug|Any CPU.ActiveCfg = Debug|Any CPU
		{E3DC7AAB-0855-4BEC-9C25-69BE7E95DCD0}.Debug|Any CPU.Build.0 = Debug|Any CPU
		{E3DC7AAB-0855-4BEC-9C25-69BE7E95DCD0}.Release|Any CPU.ActiveCfg = Release|Any CPU
		{E3DC7AAB-0855-4BEC-9C25-69BE7E95DCD0}.Release|Any CPU.Build.0 = Release|Any CPU
		{21D9224C-C44E-4FBE-801A-B22945A1A614}.Debug|Any CPU.ActiveCfg = Debug|Any CPU
		{21D9224C-C44E-4FBE-801A-B22945A1A614}.Debug|Any CPU.Build.0 = Debug|Any CPU
		{21D9224C-C44E-4FBE-801A-B22945A1A614}.Release|Any CPU.ActiveCfg = Release|Any CPU
		{21D9224C-C44E-4FBE-801A-B22945A1A614}.Release|Any CPU.Build.0 = Release|Any CPU
		{D57A0FF0-08A8-4C0E-848E-F17E7CE772B2}.Debug|Any CPU.ActiveCfg = Debug|Any CPU
		{D57A0FF0-08A8-4C0E-848E-F17E7CE772B2}.Debug|Any CPU.Build.0 = Debug|Any CPU
		{D57A0FF0-08A8-4C0E-848E-F17E7CE772B2}.Release|Any CPU.ActiveCfg = Release|Any CPU
		{D57A0FF0-08A8-4C0E-848E-F17E7CE772B2}.Release|Any CPU.Build.0 = Release|Any CPU
		{34C87749-8F00-4629-AAC0-EA743CE47659}.Debug|Any CPU.ActiveCfg = Debug|Any CPU
		{34C87749-8F00-4629-AAC0-EA743CE47659}.Debug|Any CPU.Build.0 = Debug|Any CPU
		{34C87749-8F00-4629-AAC0-EA743CE47659}.Release|Any CPU.ActiveCfg = Release|Any CPU
		{34C87749-8F00-4629-AAC0-EA743CE47659}.Release|Any CPU.Build.0 = Release|Any CPU
		{98D88ECB-235E-4D6C-88B6-3AA693B2B8EE}.Debug|Any CPU.ActiveCfg = Debug|Any CPU
		{98D88ECB-235E-4D6C-88B6-3AA693B2B8EE}.Debug|Any CPU.Build.0 = Debug|Any CPU
		{98D88ECB-235E-4D6C-88B6-3AA693B2B8EE}.Release|Any CPU.ActiveCfg = Release|Any CPU
		{98D88ECB-235E-4D6C-88B6-3AA693B2B8EE}.Release|Any CPU.Build.0 = Release|Any CPU
		{620FCC13-48A2-4914-A4DF-D939DFC9CB64}.Debug|Any CPU.ActiveCfg = Debug|Any CPU
		{620FCC13-48A2-4914-A4DF-D939DFC9CB64}.Debug|Any CPU.Build.0 = Debug|Any CPU
		{620FCC13-48A2-4914-A4DF-D939DFC9CB64}.Release|Any CPU.ActiveCfg = Release|Any CPU
		{620FCC13-48A2-4914-A4DF-D939DFC9CB64}.Release|Any CPU.Build.0 = Release|Any CPU
		{3E024392-62A5-4811-8544-43945002ED87}.Debug|Any CPU.ActiveCfg = Debug|Any CPU
		{3E024392-62A5-4811-8544-43945002ED87}.Debug|Any CPU.Build.0 = Debug|Any CPU
		{3E024392-62A5-4811-8544-43945002ED87}.Release|Any CPU.ActiveCfg = Release|Any CPU
		{3E024392-62A5-4811-8544-43945002ED87}.Release|Any CPU.Build.0 = Release|Any CPU
		{3902CBD0-9CCE-4329-8A24-14890F96CA0D}.Debug|Any CPU.ActiveCfg = Debug|Any CPU
		{3902CBD0-9CCE-4329-8A24-14890F96CA0D}.Debug|Any CPU.Build.0 = Debug|Any CPU
		{3902CBD0-9CCE-4329-8A24-14890F96CA0D}.Release|Any CPU.ActiveCfg = Release|Any CPU
		{3902CBD0-9CCE-4329-8A24-14890F96CA0D}.Release|Any CPU.Build.0 = Release|Any CPU
		{D0231DF6-E2FA-4E3B-964D-CC72CE04625A}.Debug|Any CPU.ActiveCfg = Debug|Any CPU
		{D0231DF6-E2FA-4E3B-964D-CC72CE04625A}.Debug|Any CPU.Build.0 = Debug|Any CPU
		{D0231DF6-E2FA-4E3B-964D-CC72CE04625A}.Release|Any CPU.ActiveCfg = Release|Any CPU
		{D0231DF6-E2FA-4E3B-964D-CC72CE04625A}.Release|Any CPU.Build.0 = Release|Any CPU
	EndGlobalSection
	GlobalSection(SolutionProperties) = preSolution
		HideSolutionNode = FALSE
	EndGlobalSection
	GlobalSection(NestedProjects) = preSolution
		{D57A0FF0-08A8-4C0E-848E-F17E7CE772B2} = {50B0BC0C-A790-477B-811B-7C3C69CA6E65}
		{50B0BC0C-A790-477B-811B-7C3C69CA6E65} = {FCC198D3-4942-432D-A55F-75405EE941D4}
		{9A138632-2A2F-4C15-BDA5-EEDE1B3AA198} = {FCC198D3-4942-432D-A55F-75405EE941D4}
		{34C87749-8F00-4629-AAC0-EA743CE47659} = {9A138632-2A2F-4C15-BDA5-EEDE1B3AA198}
		{FD1BC78E-3BB1-4F83-9B49-3211D2FBA6D2} = {FCC198D3-4942-432D-A55F-75405EE941D4}
		{98D88ECB-235E-4D6C-88B6-3AA693B2B8EE} = {FD1BC78E-3BB1-4F83-9B49-3211D2FBA6D2}
		{238A932B-95E0-4E9C-A3CE-B3721948E79C} = {FCC198D3-4942-432D-A55F-75405EE941D4}
		{620FCC13-48A2-4914-A4DF-D939DFC9CB64} = {238A932B-95E0-4E9C-A3CE-B3721948E79C}
		{8ADCEC8F-EFCC-4B4D-AE6F-6999B2AA2F98} = {FCC198D3-4942-432D-A55F-75405EE941D4}
		{3E024392-62A5-4811-8544-43945002ED87} = {8ADCEC8F-EFCC-4B4D-AE6F-6999B2AA2F98}
		{3902CBD0-9CCE-4329-8A24-14890F96CA0D} = {FD1BC78E-3BB1-4F83-9B49-3211D2FBA6D2}
		{D0231DF6-E2FA-4E3B-964D-CC72CE04625A} = {FD1BC78E-3BB1-4F83-9B49-3211D2FBA6D2}
	EndGlobalSection
	GlobalSection(ExtensibilityGlobals) = postSolution
		SolutionGuid = {34DAD1C9-55D7-4B95-B997-115C8593125C}
	EndGlobalSection
EndGlobal
