
Microsoft Visual Studio Solution File, Format Version 12.00
# Visual Studio Version 17
VisualStudioVersion = 17.4.33205.214
MinimumVisualStudioVersion = 10.0.40219.1
Project("{9A19103F-16F7-4668-BE54-9A1E7A4F7556}") = "Test.Domain", "Test.Domain\Test.Domain.csproj", "{051CBDA5-E090-4D6C-BDA4-E347DB2D984C}"
EndProject
Project("{FAE04EC0-301F-11D3-BF4B-00C04F79EFBC}") = "Test.Infrastructure", "Test.Infrastructure\Test.Infrastructure.csproj", "{6B12772B-6A92-4C14-90AB-B712EB6E8D2C}"
EndProject
Global
	GlobalSection(SolutionConfigurationPlatforms) = preSolution
		Debug|Any CPU = Debug|Any CPU
		Release|Any CPU = Release|Any CPU
	EndGlobalSection
	GlobalSection(ProjectConfigurationPlatforms) = postSolution
		{051CBDA5-E090-4D6C-BDA4-E347DB2D984C}.Debug|Any CPU.ActiveCfg = Debug|Any CPU
		{051CBDA5-E090-4D6C-BDA4-E347DB2D984C}.Debug|Any CPU.Build.0 = Debug|Any CPU
		{051CBDA5-E090-4D6C-BDA4-E347DB2D984C}.Release|Any CPU.ActiveCfg = Release|Any CPU
		{051CBDA5-E090-4D6C-BDA4-E347DB2D984C}.Release|Any CPU.Build.0 = Release|Any CPU
		{6B12772B-6A92-4C14-90AB-B712EB6E8D2C}.Debug|Any CPU.ActiveCfg = Debug|Any CPU
		{6B12772B-6A92-4C14-90AB-B712EB6E8D2C}.Debug|Any CPU.Build.0 = Debug|Any CPU
		{6B12772B-6A92-4C14-90AB-B712EB6E8D2C}.Release|Any CPU.ActiveCfg = Release|Any CPU
		{6B12772B-6A92-4C14-90AB-B712EB6E8D2C}.Release|Any CPU.Build.0 = Release|Any CPU
	EndGlobalSection
	GlobalSection(SolutionProperties) = preSolution
		HideSolutionNode = FALSE
	EndGlobalSection
	GlobalSection(ExtensibilityGlobals) = postSolution
		SolutionGuid = {B01B1D7E-64C3-430C-A16C-0E38FE44994E}
	EndGlobalSection
EndGlobal
