
Microsoft Visual Studio Solution File, Format Version 12.00
# Visual Studio Version 17
VisualStudioVersion = 17.4.33205.214
MinimumVisualStudioVersion = 10.0.40219.1
Project("{9A19103F-16F7-4668-BE54-9A1E7A4F7556}") = "CaseApplication.WPF", "CaseApplication.WPF\CaseApplication.WPF.csproj", "{E128B857-6709-4DCA-A1C1-F8C4692D9D3C}"
EndProject
Project("{9A19103F-16F7-4668-BE54-9A1E7A4F7556}") = "CaseApplication.EntityFramework", "CaseApplication.EntityFramework\CaseApplication.EntityFramework.csproj", "{BADF1534-9556-4814-917C-E2E40E111EB1}"
EndProject
Project("{9A19103F-16F7-4668-BE54-9A1E7A4F7556}") = "CaseApplication.DomainLayer", "CaseApplication.DomainLayer\CaseApplication.DomainLayer.csproj", "{A180E89D-D2E2-4F6F-89F7-E47E5182D0EB}"
EndProject
Project("{9A19103F-16F7-4668-BE54-9A1E7A4F7556}") = "CaseApplication.Api", "CaseApplication.API\CaseApplication.Api.csproj", "{5DC1DD14-6E97-48D7-821F-F41CFC9CEB93}"
EndProject
Global
	GlobalSection(SolutionConfigurationPlatforms) = preSolution
		Debug|Any CPU = Debug|Any CPU
		Release|Any CPU = Release|Any CPU
	EndGlobalSection
	GlobalSection(ProjectConfigurationPlatforms) = postSolution
		{E128B857-6709-4DCA-A1C1-F8C4692D9D3C}.Debug|Any CPU.ActiveCfg = Debug|Any CPU
		{E128B857-6709-4DCA-A1C1-F8C4692D9D3C}.Debug|Any CPU.Build.0 = Debug|Any CPU
		{E128B857-6709-4DCA-A1C1-F8C4692D9D3C}.Release|Any CPU.ActiveCfg = Release|Any CPU
		{E128B857-6709-4DCA-A1C1-F8C4692D9D3C}.Release|Any CPU.Build.0 = Release|Any CPU
		{BADF1534-9556-4814-917C-E2E40E111EB1}.Debug|Any CPU.ActiveCfg = Debug|Any CPU
		{BADF1534-9556-4814-917C-E2E40E111EB1}.Debug|Any CPU.Build.0 = Debug|Any CPU
		{BADF1534-9556-4814-917C-E2E40E111EB1}.Release|Any CPU.ActiveCfg = Release|Any CPU
		{BADF1534-9556-4814-917C-E2E40E111EB1}.Release|Any CPU.Build.0 = Release|Any CPU
		{A180E89D-D2E2-4F6F-89F7-E47E5182D0EB}.Debug|Any CPU.ActiveCfg = Debug|Any CPU
		{A180E89D-D2E2-4F6F-89F7-E47E5182D0EB}.Debug|Any CPU.Build.0 = Debug|Any CPU
		{A180E89D-D2E2-4F6F-89F7-E47E5182D0EB}.Release|Any CPU.ActiveCfg = Release|Any CPU
		{A180E89D-D2E2-4F6F-89F7-E47E5182D0EB}.Release|Any CPU.Build.0 = Release|Any CPU
		{5DC1DD14-6E97-48D7-821F-F41CFC9CEB93}.Debug|Any CPU.ActiveCfg = Debug|Any CPU
		{5DC1DD14-6E97-48D7-821F-F41CFC9CEB93}.Debug|Any CPU.Build.0 = Debug|Any CPU
		{5DC1DD14-6E97-48D7-821F-F41CFC9CEB93}.Release|Any CPU.ActiveCfg = Release|Any CPU
		{5DC1DD14-6E97-48D7-821F-F41CFC9CEB93}.Release|Any CPU.Build.0 = Release|Any CPU
	EndGlobalSection
	GlobalSection(SolutionProperties) = preSolution
		HideSolutionNode = FALSE
	EndGlobalSection
	GlobalSection(ExtensibilityGlobals) = postSolution
		SolutionGuid = {391E4D96-48CF-43E8-AC55-2C3D9835189E}
	EndGlobalSection
EndGlobal
